{
  "lockfileVersion": 2,
  "integrity": "sha256-16:a51bfb5c15705ef3",
  "note": "Per-skill hash = sha256 (16 hex) over every file in the skill dir; doctrine = shared/ + policies/ (vendored into native bundles). Regenerate with scripts/dev/update-lock.mjs; verify with --check.",
  "doctrine": {
    "shared": "sha256-16:7c7d307c52540a28",
    "policies": "sha256-16:68e743508641dba7"
  },
  "skills": {
    "penpot-router": {
      "version": "0.2.0",
      "hash": "sha256-16:8841757058b0d12f"
    },
    "penpot-foundations": {
      "version": "0.2.0",
      "hash": "sha256-16:31ad9b99b3675cf3"
    },
    "penpot-component-factory": {
      "version": "0.2.0",
      "hash": "sha256-16:0f316e36ab103bbe"
    },
    "penpot-build-screen": {
      "version": "0.3.0",
      "hash": "sha256-16:6b4236970122c363"
    },
    "penpot-build-from-code": {
      "version": "0.2.0",
      "hash": "sha256-16:054a9e2e4f43f0fe"
    },
    "penpot-document-handoff": {
      "version": "0.2.0",
      "hash": "sha256-16:e646a18058585635"
    },
    "penpot-audit-accessibility": {
      "version": "0.2.0",
      "hash": "sha256-16:bd63c1e117592445"
    },
    "penpot-audit-tokens": {
      "version": "0.2.0",
      "hash": "sha256-16:ab1beb7fcd2f5ce6"
    },
    "penpot-design-to-code-review": {
      "version": "0.2.0",
      "hash": "sha256-16:5da10f92e00ce072"
    },
    "penpot-migrate": {
      "version": "0.2.0",
      "hash": "sha256-16:2a5c41277ca75ce8"
    },
    "penpot-rename-layers": {
      "version": "0.2.0",
      "hash": "sha256-16:1f9d122686e8c024"
    },
    "penpot-design-md": {
      "version": "0.2.0",
      "hash": "sha256-16:0fabe0533dc634b8"
    }
  }
}
